# generated by rye
# use `rye lock` or `rye sync` to update this lockfile
#
# last locked with the following flags:
#   pre: false
#   features: []
#   all-features: false
#   with-sources: false
#   generate-hashes: false
#   universal: true

-e file:.
-e file:differt
-e file:differt-core
    # via differt
absl-py==2.1.0
    # via chex
    # via optax
accessible-pygments==0.0.5
    # via pydata-sphinx-theme
addict==2.4.0 ; python_full_version < '3.12' and sys_platform == 'linux'
    # via open3d-cpu
alabaster==0.7.16 ; python_full_version < '3.11'
    # via sphinx
alabaster==1.0.0
    # via sphinx
annotated-types==0.7.0
    # via pydantic
anyio==4.4.0
    # via httpx
    # via jupyter-server
appnope==0.1.4 ; platform_system == 'Darwin'
    # via ipykernel
argon2-cffi==23.1.0
    # via jupyter-server
argon2-cffi-bindings==21.2.0
    # via argon2-cffi
arrow==1.3.0
    # via isoduration
asttokens==2.4.1
    # via stack-data
async-lru==2.0.4
    # via jupyterlab
attrs==24.2.0
    # via jsonschema
    # via jupyter-cache
    # via referencing
babel==2.16.0
    # via jupyterlab-server
    # via pydata-sphinx-theme
    # via sphinx
beartype==0.18.5
    # via differt
beautifulsoup4==4.12.3
    # via nbconvert
    # via pydata-sphinx-theme
bleach==6.1.0
    # via nbconvert
blinker==1.8.2 ; python_full_version < '3.12' and sys_platform == 'linux'
    # via flask
bracex==2.5
    # via wcmatch
bump-my-version==0.26.0
certifi==2024.8.30
    # via httpcore
    # via httpx
    # via requests
cffi==1.17.1
    # via argon2-cffi-bindings
    # via pyzmq
cfgv==3.4.0
    # via pre-commit
charset-normalizer==3.3.2
    # via requests
chex==0.1.86
    # via optax
click==8.1.7
    # via bump-my-version
    # via flask
    # via jupyter-cache
    # via rich-click
colorama==0.4.6 ; sys_platform == 'win32' or platform_system == 'Windows'
    # via click
    # via ipython
    # via pytest
    # via sphinx
    # via tqdm
comm==0.2.2
    # via ipykernel
    # via ipywidgets
configargparse==1.7 ; python_full_version < '3.12' and sys_platform == 'linux'
    # via open3d-cpu
contourpy==1.3.0
    # via matplotlib
coverage==7.6.1
    # via pytest-cov
cycler==0.12.1
    # via matplotlib
dash==2.18.0 ; python_full_version < '3.12' and sys_platform == 'linux'
    # via open3d-cpu
dash-core-components==2.0.0 ; python_full_version < '3.12' and sys_platform == 'linux'
    # via dash
dash-html-components==2.0.0 ; python_full_version < '3.12' and sys_platform == 'linux'
    # via dash
dash-table==5.0.0 ; python_full_version < '3.12' and sys_platform == 'linux'
    # via dash
debugpy==1.8.5
    # via ipykernel
decorator==5.1.1
    # via ipython
defusedxml==0.7.1
    # via nbconvert
distlib==0.3.8
    # via virtualenv
docutils==0.21.2
    # via myst-parser
    # via pybtex-docutils
    # via pydata-sphinx-theme
    # via sphinx
    # via sphinxcontrib-bibtex
equinox==0.11.5
    # via differt
etils==1.5.2 ; python_full_version < '3.10'
    # via optax
etils==1.9.4
    # via optax
exceptiongroup==1.2.2 ; python_full_version < '3.11'
    # via anyio
    # via ipython
    # via pytest
execnet==2.1.1
    # via pytest-xdist
executing==2.1.0
    # via stack-data
fastjsonschema==2.20.0
    # via nbformat
filelock==3.16.0
    # via differt
    # via virtualenv
flask==3.0.3 ; python_full_version < '3.12' and sys_platform == 'linux'
    # via dash
fonttools==4.53.1
    # via matplotlib
fqdn==1.5.1
    # via jsonschema
freetype-py==2.5.1
    # via vispy
greenlet==3.1.0 ; (python_full_version < '3.13' and platform_machine == 'AMD64') or (python_full_version < '3.13' and platform_machine == 'WIN32') or (python_full_version < '3.13' and platform_machine == 'aarch64') or (python_full_version < '3.13' and platform_machine == 'amd64') or (python_full_version < '3.13' and platform_machine == 'ppc64le') or (python_full_version < '3.13' and platform_machine == 'win32') or (python_full_version < '3.13' and platform_machine == 'x86_64')
    # via sqlalchemy
h11==0.14.0
    # via httpcore
hsluv==5.0.4
    # via vispy
httpcore==1.0.5
    # via httpx
httpx==0.27.2
    # via jupyterlab
identify==2.6.0
    # via pre-commit
idna==3.8
    # via anyio
    # via httpx
    # via jsonschema
    # via requests
imagesize==1.4.1
    # via sphinx
importlib-metadata==8.4.0
    # via dash
    # via flask
    # via jax
    # via jupyter-cache
    # via jupyter-client
    # via jupyter-lsp
    # via jupyterlab
    # via jupyterlab-server
    # via myst-nb
    # via nbconvert
    # via sphinx
    # via sphinxcontrib-bibtex
importlib-resources==6.4.5 ; python_full_version < '3.10'
    # via matplotlib
iniconfig==2.0.0
    # via pytest
ipykernel==6.29.5
    # via jupyterlab
    # via myst-nb
ipympl==0.9.4
    # via differt
ipython==8.18.0
    # via ipykernel
    # via ipympl
    # via ipywidgets
    # via myst-nb
ipython-genutils==0.2.0
    # via ipympl
ipywidgets==8.1.5
    # via ipympl
    # via jupyter-rfb
    # via open3d-cpu
isoduration==20.11.0
    # via jsonschema
itsdangerous==2.2.0 ; python_full_version < '3.12' and sys_platform == 'linux'
    # via flask
jax==0.4.30
    # via chex
    # via differt
    # via equinox
    # via optax
jaxlib==0.4.30
    # via chex
    # via jax
    # via optax
jaxtyping==0.2.34
    # via differt
    # via equinox
jedi==0.19.1
    # via ipython
jinja2==3.1.4
    # via flask
    # via jupyter-server
    # via jupyterlab
    # via jupyterlab-server
    # via myst-parser
    # via nbconvert
    # via sphinx
joblib==1.4.2 ; python_full_version < '3.12' and sys_platform == 'linux'
    # via scikit-learn
json5==0.9.25
    # via jupyterlab-server
jsonpointer==3.0.0
    # via jsonschema
jsonschema==4.23.0
    # via jupyter-events
    # via jupyterlab-server
    # via nbformat
jsonschema-specifications==2023.12.1
    # via jsonschema
jupyter-cache==1.0.0
    # via myst-nb
jupyter-client==8.6.2
    # via ipykernel
    # via jupyter-server
    # via nbclient
jupyter-core==5.7.2
    # via ipykernel
    # via jupyter-client
    # via jupyter-server
    # via jupyterlab
    # via nbclient
    # via nbconvert
    # via nbformat
jupyter-events==0.10.0
    # via jupyter-server
jupyter-lsp==2.2.5
    # via jupyterlab
jupyter-rfb==0.4.4
    # via differt
jupyter-server==2.14.2
    # via jupyter-lsp
    # via jupyterlab
    # via jupyterlab-server
    # via notebook
    # via notebook-shim
jupyter-server-terminals==0.5.3
    # via jupyter-server
jupyterlab==4.2.5
    # via notebook
jupyterlab-pygments==0.3.0
    # via nbconvert
jupyterlab-server==2.27.3
    # via jupyterlab
    # via notebook
jupyterlab-widgets==3.0.13
    # via ipywidgets
    # via jupyter-rfb
kiwisolver==1.4.7
    # via matplotlib
    # via vispy
latexcodec==3.0.0
    # via pybtex
markdown-it-py==3.0.0
    # via mdit-py-plugins
    # via myst-parser
    # via rich
markupsafe==2.1.5
    # via jinja2
    # via nbconvert
    # via werkzeug
matplotlib==3.9.2
    # via differt
    # via ipympl
    # via open3d-cpu
matplotlib-inline==0.1.7
    # via ipykernel
    # via ipython
mdit-py-plugins==0.4.2
    # via myst-parser
mdurl==0.1.2
    # via markdown-it-py
mistune==3.0.2
    # via nbconvert
ml-dtypes==0.4.0
    # via jax
    # via jaxlib
myst-nb==1.1.1
myst-parser==3.0.1 ; python_full_version < '3.10'
    # via myst-nb
myst-parser==4.0.0
    # via myst-nb
nbclient==0.10.0
    # via jupyter-cache
    # via myst-nb
    # via nbconvert
nbconvert==7.16.4
    # via jupyter-server
nbformat==5.10.4
    # via jupyter-cache
    # via jupyter-server
    # via myst-nb
    # via nbclient
    # via nbconvert
    # via open3d-cpu
nest-asyncio==1.6.0
    # via dash
    # via ipykernel
nodeenv==1.9.1
    # via pre-commit
notebook==7.2.2
    # via differt
notebook-shim==0.2.4
    # via jupyterlab
    # via notebook
numpy==2.0.2 ; python_full_version < '3.11'
    # via chex
    # via contourpy
    # via differt
    # via differt-core
    # via ipympl
    # via jax
    # via jaxlib
    # via jupyter-rfb
    # via matplotlib
    # via ml-dtypes
    # via open3d-cpu
    # via opt-einsum
    # via optax
    # via pandas
    # via pyquaternion
    # via scikit-learn
    # via scipy
    # via vispy
numpy==2.1.1
    # via chex
    # via contourpy
    # via differt
    # via differt-core
    # via ipympl
    # via jax
    # via jaxlib
    # via jupyter-rfb
    # via matplotlib
    # via ml-dtypes
    # via open3d-cpu
    # via opt-einsum
    # via optax
    # via pandas
    # via pyquaternion
    # via scikit-learn
    # via scipy
    # via vispy
open3d-cpu==0.18.0 ; python_full_version < '3.12' and sys_platform == 'linux'
opt-einsum==3.3.0
    # via jax
optax==0.2.3
    # via differt
overrides==7.7.0
    # via jupyter-server
packaging==24.1
    # via ipykernel
    # via jupyter-server
    # via jupyterlab
    # via jupyterlab-server
    # via matplotlib
    # via nbconvert
    # via plotly
    # via pydata-sphinx-theme
    # via pytest
    # via sphinx
    # via vispy
pandas==2.2.2
    # via open3d-cpu
    # via sphinx-plotly-directive
pandocfilters==1.5.1
    # via nbconvert
parso==0.8.4
    # via jedi
pbr==6.1.0
    # via sphinxcontrib-apidoc
pexpect==4.9.0 ; sys_platform != 'win32'
    # via ipython
pillow==10.4.0
    # via ipympl
    # via matplotlib
    # via open3d-cpu
platformdirs==4.3.2
    # via jupyter-core
    # via virtualenv
plotly==5.24.0
    # via dash
    # via differt
    # via sphinx-plotly-directive
pluggy==1.5.0
    # via pytest
pre-commit==3.8.0
prometheus-client==0.20.0
    # via jupyter-server
prompt-toolkit==3.0.36
    # via ipython
    # via questionary
psutil==6.0.0
    # via ipykernel
ptyprocess==0.7.0 ; os_name != 'nt' or sys_platform != 'win32'
    # via pexpect
    # via terminado
pure-eval==0.2.3
    # via stack-data
py-cpuinfo==9.0.0
    # via pytest-benchmark
pybtex==0.24.0
    # via pybtex-docutils
    # via sphinxcontrib-bibtex
pybtex-docutils==1.0.3
    # via sphinxcontrib-bibtex
pycparser==2.22
    # via cffi
pydantic==2.9.1
    # via bump-my-version
    # via pydantic-settings
pydantic-core==2.23.3
    # via pydantic
pydantic-settings==2.5.0
    # via bump-my-version
pydata-sphinx-theme==0.15.4
    # via sphinx-book-theme
pygments==2.18.0
    # via accessible-pygments
    # via ipython
    # via nbconvert
    # via pydata-sphinx-theme
    # via rich
    # via sphinx
pyopengl==3.1.7 ; platform_system == 'Darwin'
    # via differt
pyparsing==3.1.4
    # via matplotlib
pyqt6==6.7.1
    # via differt
pyqt6-qt6==6.7.2
    # via pyqt6
pyqt6-sip==13.8.0
    # via pyqt6
pyquaternion==0.9.9 ; python_full_version < '3.12' and sys_platform == 'linux'
    # via open3d-cpu
pytest==8.3.3
    # via pytest-benchmark
    # via pytest-cov
    # via pytest-env
    # via pytest-missing-modules
    # via pytest-xdist
pytest-benchmark==4.0.0
pytest-cov==5.0.0
pytest-env==1.1.4
pytest-missing-modules==0.2.1
pytest-xdist==3.6.1
python-dateutil==2.9.0.post0
    # via arrow
    # via jupyter-client
    # via matplotlib
    # via pandas
python-dotenv==1.0.1
    # via pydantic-settings
python-json-logger==2.0.7
    # via jupyter-events
pytz==2024.1
    # via pandas
pywin32==306 ; platform_python_implementation != 'PyPy' and sys_platform == 'win32'
    # via jupyter-core
pywinpty==2.0.13 ; os_name == 'nt'
    # via jupyter-server
    # via jupyter-server-terminals
    # via terminado
pyyaml==6.0.2
    # via jupyter-cache
    # via jupyter-events
    # via myst-nb
    # via myst-parser
    # via open3d-cpu
    # via pre-commit
    # via pybtex
pyzmq==26.2.0
    # via ipykernel
    # via jupyter-client
    # via jupyter-server
questionary==2.0.1
    # via bump-my-version
referencing==0.35.1
    # via jsonschema
    # via jsonschema-specifications
    # via jupyter-events
requests==2.32.3
    # via dash
    # via differt
    # via jupyterlab-server
    # via sphinx
retrying==1.3.4 ; python_full_version < '3.12' and sys_platform == 'linux'
    # via dash
rfc3339-validator==0.1.4
    # via jsonschema
    # via jupyter-events
rfc3986-validator==0.1.1
    # via jsonschema
    # via jupyter-events
rich==13.8.1
    # via bump-my-version
    # via rich-click
rich-click==1.8.3
    # via bump-my-version
rpds-py==0.20.0
    # via jsonschema
    # via referencing
scikit-learn==1.5.1 ; python_full_version < '3.12' and sys_platform == 'linux'
    # via open3d-cpu
scipy==1.13.1 ; python_full_version < '3.11'
    # via jax
    # via jaxlib
    # via scikit-learn
scipy==1.14.1
    # via jax
    # via jaxlib
    # via scikit-learn
send2trash==1.8.3
    # via jupyter-server
setuptools==74.1.2
    # via chex
    # via dash
    # via jupyterlab
six==1.16.0
    # via asttokens
    # via bleach
    # via pybtex
    # via python-dateutil
    # via retrying
    # via rfc3339-validator
sniffio==1.3.1
    # via anyio
    # via httpx
snowballstemmer==2.2.0
    # via sphinx
soupsieve==2.6
    # via beautifulsoup4
sphinx==7.4.7 ; python_full_version < '3.11'
    # via myst-nb
    # via myst-parser
    # via pydata-sphinx-theme
    # via sphinx-autodoc-typehints
    # via sphinx-book-theme
    # via sphinx-copybutton
    # via sphinx-design
    # via sphinx-remove-toctrees
    # via sphinxcontrib-apidoc
    # via sphinxcontrib-bibtex
    # via sphinxext-opengraph
sphinx==8.0.2
    # via myst-nb
    # via myst-parser
    # via pydata-sphinx-theme
    # via sphinx-autodoc-typehints
    # via sphinx-book-theme
    # via sphinx-copybutton
    # via sphinx-design
    # via sphinx-remove-toctrees
    # via sphinxcontrib-apidoc
    # via sphinxcontrib-bibtex
    # via sphinxext-opengraph
sphinx-autodoc-typehints==2.3.0 ; python_full_version < '3.11'
sphinx-autodoc-typehints==2.4.0
sphinx-book-theme==1.1.3
sphinx-copybutton==0.5.2
sphinx-design==0.6.1
sphinx-plotly-directive==0.1.3
sphinx-remove-toctrees==1.0.0.post1
sphinxcontrib-apidoc==0.5.0
sphinxcontrib-applehelp==2.0.0
    # via sphinx
sphinxcontrib-bibtex==2.6.2
sphinxcontrib-devhelp==2.0.0
    # via sphinx
sphinxcontrib-htmlhelp==2.1.0
    # via sphinx
sphinxcontrib-jsmath==1.0.1
    # via sphinx
sphinxcontrib-qthelp==2.0.0
    # via sphinx
sphinxcontrib-serializinghtml==2.0.0
    # via sphinx
sphinxext-opengraph==0.9.1
sqlalchemy==2.0.34
    # via jupyter-cache
stack-data==0.6.3
    # via ipython
tabulate==0.9.0
    # via jupyter-cache
tenacity==9.0.0
    # via plotly
terminado==0.18.1
    # via jupyter-server
    # via jupyter-server-terminals
threadpoolctl==3.5.0 ; python_full_version < '3.12' and sys_platform == 'linux'
    # via scikit-learn
tinycss2==1.3.0
    # via nbconvert
tomli==2.0.1 ; python_full_version == '3.11'
    # via coverage
    # via jupyterlab
    # via pytest
    # via pytest-env
    # via sphinx
tomlkit==0.13.2
    # via bump-my-version
toolz==0.12.1
    # via chex
tornado==6.4.1
    # via ipykernel
    # via jupyter-client
    # via jupyter-server
    # via jupyterlab
    # via notebook
    # via terminado
tqdm==4.66.5
    # via differt
    # via open3d-cpu
traitlets==5.14.3
    # via comm
    # via ipykernel
    # via ipympl
    # via ipython
    # via ipywidgets
    # via jupyter-client
    # via jupyter-core
    # via jupyter-events
    # via jupyter-server
    # via jupyterlab
    # via matplotlib-inline
    # via nbclient
    # via nbconvert
    # via nbformat
typeguard==2.13.3
    # via jaxtyping
types-python-dateutil==2.9.0.20240906
    # via arrow
typing-extensions==4.12.2
    # via anyio
    # via async-lru
    # via chex
    # via dash
    # via differt
    # via equinox
    # via etils
    # via ipython
    # via myst-nb
    # via pydantic
    # via pydantic-core
    # via pydata-sphinx-theme
    # via pytest-missing-modules
    # via rich-click
    # via sqlalchemy
tzdata==2024.1
    # via pandas
uri-template==1.3.0
    # via jsonschema
urllib3==2.2.2
    # via requests
virtualenv==20.26.4
    # via pre-commit
vispy==0.14.3
    # via differt
wcmatch==9.0
    # via bump-my-version
wcwidth==0.2.13
    # via prompt-toolkit
webcolors==24.8.0
    # via jsonschema
webencodings==0.5.1
    # via bleach
    # via tinycss2
websocket-client==1.8.0
    # via jupyter-server
werkzeug==3.0.4 ; python_full_version < '3.12' and sys_platform == 'linux'
    # via dash
    # via flask
    # via open3d-cpu
widgetsnbextension==4.0.13
    # via ipywidgets
zipp==3.20.1
    # via importlib-metadata
    # via importlib-resources
