# generated by rye
# use `rye lock` or `rye sync` to update this lockfile
#
# last locked with the following flags:
#   pre: false
#   features: []
#   all-features: false
#   with-sources: false
#   generate-hashes: false
#   universal: false

-e file:.
-e file:differt
-e file:differt-core
    # via differt
absl-py==2.1.0
    # via chex
    # via optax
beartype==0.18.5
    # via differt
certifi==2024.8.30
    # via requests
charset-normalizer==3.3.2
    # via requests
chex==0.1.86
    # via optax
equinox==0.11.5
    # via differt
etils==1.9.4
    # via optax
filelock==3.16.0
    # via differt
idna==3.8
    # via requests
jax==0.4.31
    # via chex
    # via differt
    # via equinox
    # via optax
jaxlib==0.4.31
    # via chex
    # via jax
    # via optax
jaxtyping==0.2.34
    # via differt
    # via equinox
ml-dtypes==0.4.0
    # via jax
    # via jaxlib
numpy==2.1.1
    # via chex
    # via differt
    # via differt-core
    # via jax
    # via jaxlib
    # via ml-dtypes
    # via opt-einsum
    # via optax
    # via scipy
opt-einsum==3.3.0
    # via jax
optax==0.2.3
    # via differt
requests==2.32.3
    # via differt
scipy==1.14.1
    # via jax
    # via jaxlib
toolz==0.12.1
    # via chex
tqdm==4.66.5
    # via differt
typeguard==2.13.3
    # via jaxtyping
typing-extensions==4.12.2
    # via chex
    # via equinox
    # via etils
urllib3==2.2.2
    # via requests
